// !$*UTF8*$!
{
	archiveVersion = 1;
	classes = {
	};
	objectVersion = 46;
	objects = {

/* Begin PBXBuildFile section */
		36863FCD1C60D40B00D9043A /* AppDelegate.swift in Sources */ = {isa = PBXBuildFile; fileRef = 36863FCC1C60D40B00D9043A /* AppDelegate.swift */; };
		36863FCF1C60D40B00D9043A /* ViewController.swift in Sources */ = {isa = PBXBuildFile; fileRef = 36863FCE1C60D40B00D9043A /* ViewController.swift */; };
		36863FD21C60D40B00D9043A /* Main.storyboard in Resources */ = {isa = PBXBuildFile; fileRef = 36863FD01C60D40B00D9043A /* Main.storyboard */; };
		36863FD41C60D40B00D9043A /* Assets.xcassets in Resources */ = {isa = PBXBuildFile; fileRef = 36863FD31C60D40B00D9043A /* Assets.xcassets */; };
		36863FD71C60D40B00D9043A /* LaunchScreen.storyboard in Resources */ = {isa = PBXBuildFile; fileRef = 36863FD51C60D40B00D9043A /* LaunchScreen.storyboard */; };
		36863FE21C60D40B00D9043A /* ExpandReduceImageTests.swift in Sources */ = {isa = PBXBuildFile; fileRef = 36863FE11C60D40B00D9043A /* ExpandReduceImageTests.swift */; };
		36863FED1C60D40C00D9043A /* ExpandReduceImageUITests.swift in Sources */ = {isa = PBXBuildFile; fileRef = 36863FEC1C60D40C00D9043A /* ExpandReduceImageUITests.swift */; };
/* End PBXBuildFile section */

/* Begin PBXContainerItemProxy section */
		36863FDE1C60D40B00D9043A /* PBXContainerItemProxy */ = {
			isa = PBXContainerItemProxy;
			containerPortal = 36863FC11C60D40B00D9043A /* Project object */;
			proxyType = 1;
			remoteGlobalIDString = 36863FC81C60D40B00D9043A;
			remoteInfo = ExpandReduceImage;
		};
		36863FE91C60D40B00D9043A /* PBXContainerItemProxy */ = {
			isa = PBXContainerItemProxy;
			containerPortal = 36863FC11C60D40B00D9043A /* Project object */;
			proxyType = 1;
			remoteGlobalIDString = 36863FC81C60D40B00D9043A;
			remoteInfo = ExpandReduceImage;
		};
/* End PBXContainerItemProxy section */

/* Begin PBXFileReference section */
		36863FC91C60D40B00D9043A /* ExpandReduceImage.app */ = {isa = PBXFileReference; explicitFileType = wrapper.application; includeInIndex = 0; path = ExpandReduceImage.app; sourceTree = BUILT_PRODUCTS_DIR; };
		36863FCC1C60D40B00D9043A /* AppDelegate.swift */ = {isa = PBXFileReference; lastKnownFileType = sourcecode.swift; path = AppDelegate.swift; sourceTree = "<group>"; };
		36863FCE1C60D40B00D9043A /* ViewController.swift */ = {isa = PBXFileReference; lastKnownFileType = sourcecode.swift; path = ViewController.swift; sourceTree = "<group>"; };
		36863FD11C60D40B00D9043A /* Base */ = {isa = PBXFileReference; lastKnownFileType = file.storyboard; name = Base; path = Base.lproj/Main.storyboard; sourceTree = "<group>"; };
		36863FD31C60D40B00D9043A /* Assets.xcassets */ = {isa = PBXFileReference; lastKnownFileType = folder.assetcatalog; path = Assets.xcassets; sourceTree = "<group>"; };
		36863FD61C60D40B00D9043A /* Base */ = {isa = PBXFileReference; lastKnownFileType = file.storyboard; name = Base; path = Base.lproj/LaunchScreen.storyboard; sourceTree = "<group>"; };
		36863FD81C60D40B00D9043A /* Info.plist */ = {isa = PBXFileReference; lastKnownFileType = text.plist.xml; path = Info.plist; sourceTree = "<group>"; };
		36863FDD1C60D40B00D9043A /* ExpandReduceImageTests.xctest */ = {isa = PBXFileReference; explicitFileType = wrapper.cfbundle; includeInIndex = 0; path = ExpandReduceImageTests.xctest; sourceTree = BUILT_PRODUCTS_DIR; };
		36863FE11C60D40B00D9043A /* ExpandReduceImageTests.swift */ = {isa = PBXFileReference; lastKnownFileType = sourcecode.swift; path = ExpandReduceImageTests.swift; sourceTree = "<group>"; };
		36863FE31C60D40B00D9043A /* Info.plist */ = {isa = PBXFileReference; lastKnownFileType = text.plist.xml; path = Info.plist; sourceTree = "<group>"; };
		36863FE81C60D40B00D9043A /* ExpandReduceImageUITests.xctest */ = {isa = PBXFileReference; explicitFileType = wrapper.cfbundle; includeInIndex = 0; path = ExpandReduceImageUITests.xctest; sourceTree = BUILT_PRODUCTS_DIR; };
		36863FEC1C60D40C00D9043A /* ExpandReduceImageUITests.swift */ = {isa = PBXFileReference; lastKnownFileType = sourcecode.swift; path = ExpandReduceImageUITests.swift; sourceTree = "<group>"; };
		36863FEE1C60D40C00D9043A /* Info.plist */ = {isa = PBXFileReference; lastKnownFileType = text.plist.xml; path = Info.plist; sourceTree = "<group>"; };
/* End PBXFileReference section */

/* Begin PBXFrameworksBuildPhase section */
		36863FC61C60D40B00D9043A /* Frameworks */ = {
			isa = PBXFrameworksBuildPhase;
			buildActionMask = 2147483647;
			files = (
			);
			runOnlyForDeploymentPostprocessing = 0;
		};
		36863FDA1C60D40B00D9043A /* Frameworks */ = {
			isa = PBXFrameworksBuildPhase;
			buildActionMask = 2147483647;
			files = (
			);
			runOnlyForDeploymentPostprocessing = 0;
		};
		36863FE51C60D40B00D9043A /* Frameworks */ = {
			isa = PBXFrameworksBuildPhase;
			buildActionMask = 2147483647;
			files = (
			);
			runOnlyForDeploymentPostprocessing = 0;
		};
/* End PBXFrameworksBuildPhase section */

/* Begin PBXGroup section */
		36863FC01C60D40B00D9043A = {
			isa = PBXGroup;
			children = (
				36863FCB1C60D40B00D9043A /* ExpandReduceImage */,
				36863FE01C60D40B00D9043A /* ExpandReduceImageTests */,
				36863FEB1C60D40C00D9043A /* ExpandReduceImageUITests */,
				36863FCA1C60D40B00D9043A /* Products */,
			);
			sourceTree = "<group>";
		};
		36863FCA1C60D40B00D9043A /* Products */ = {
			isa = PBXGroup;
			children = (
				36863FC91C60D40B00D9043A /* ExpandReduceImage.app */,
				36863FDD1C60D40B00D9043A /* ExpandReduceImageTests.xctest */,
				36863FE81C60D40B00D9043A /* ExpandReduceImageUITests.xctest */,
			);
			name = Products;
			sourceTree = "<group>";
		};
		36863FCB1C60D40B00D9043A /* ExpandReduceImage */ = {
			isa = PBXGroup;
			children = (
				36863FCC1C60D40B00D9043A /* AppDelegate.swift */,
				36863FCE1C60D40B00D9043A /* ViewController.swift */,
				36863FD01C60D40B00D9043A /* Main.storyboard */,
				36863FD31C60D40B00D9043A /* Assets.xcassets */,
				36863FD51C60D40B00D9043A /* LaunchScreen.storyboard */,
				36863FD81C60D40B00D9043A /* Info.plist */,
			);
			path = ExpandReduceImage;
			sourceTree = "<group>";
		};
		36863FE01C60D40B00D9043A /* ExpandReduceImageTests */ = {
			isa = PBXGroup;
			children = (
				36863FE11C60D40B00D9043A /* ExpandReduceImageTests.swift */,
				36863FE31C60D40B00D9043A /* Info.plist */,
			);
			path = ExpandReduceImageTests;
			sourceTree = "<group>";
		};
		36863FEB1C60D40C00D9043A /* ExpandReduceImageUITests */ = {
			isa = PBXGroup;
			children = (
				36863FEC1C60D40C00D9043A /* ExpandReduceImageUITests.swift */,
				36863FEE1C60D40C00D9043A /* Info.plist */,
			);
			path = ExpandReduceImageUITests;
			sourceTree = "<group>";
		};
/* End PBXGroup section */

/* Begin PBXNativeTarget section */
		36863FC81C60D40B00D9043A /* ExpandReduceImage */ = {
			isa = PBXNativeTarget;
			buildConfigurationList = 36863FF11C60D40C00D9043A /* Build configuration list for PBXNativeTarget "ExpandReduceImage" */;
			buildPhases = (
				36863FC51C60D40B00D9043A /* Sources */,
				36863FC61C60D40B00D9043A /* Frameworks */,
				36863FC71C60D40B00D9043A /* Resources */,
			);
			buildRules = (
			);
			dependencies = (
			);
			name = ExpandReduceImage;
			productName = ExpandReduceImage;
			productReference = 36863FC91C60D40B00D9043A /* ExpandReduceImage.app */;
			productType = "com.apple.product-type.application";
		};
		36863FDC1C60D40B00D9043A /* ExpandReduceImageTests */ = {
			isa = PBXNativeTarget;
			buildConfigurationList = 36863FF41C60D40C00D9043A /* Build configuration list for PBXNativeTarget "ExpandReduceImageTests" */;
			buildPhases = (
				36863FD91C60D40B00D9043A /* Sources */,
				36863FDA1C60D40B00D9043A /* Frameworks */,
				36863FDB1C60D40B00D9043A /* Resources */,
			);
			buildRules = (
			);
			dependencies = (
				36863FDF1C60D40B00D9043A /* PBXTargetDependency */,
			);
			name = ExpandReduceImageTests;
			productName = ExpandReduceImageTests;
			productReference = 36863FDD1C60D40B00D9043A /* ExpandReduceImageTests.xctest */;
			productType = "com.apple.product-type.bundle.unit-test";
		};
		36863FE71C60D40B00D9043A /* ExpandReduceImageUITests */ = {
			isa = PBXNativeTarget;
			buildConfigurationList = 36863FF71C60D40C00D9043A /* Build configuration list for PBXNativeTarget "ExpandReduceImageUITests" */;
			buildPhases = (
				36863FE41C60D40B00D9043A /* Sources */,
				36863FE51C60D40B00D9043A /* Frameworks */,
				36863FE61C60D40B00D9043A /* Resources */,
			);
			buildRules = (
			);
			dependencies = (
				36863FEA1C60D40B00D9043A /* PBXTargetDependency */,
			);
			name = ExpandReduceImageUITests;
			productName = ExpandReduceImageUITests;
			productReference = 36863FE81C60D40B00D9043A /* ExpandReduceImageUITests.xctest */;
			productType = "com.apple.product-type.bundle.ui-testing";
		};
/* End PBXNativeTarget section */

/* Begin PBXProject section */
		36863FC11C60D40B00D9043A /* Project object */ = {
			isa = PBXProject;
			attributes = {
				LastSwiftUpdateCheck = 0720;
				LastUpgradeCheck = 0720;
				ORGANIZATIONNAME = "Masaki Horimoto";
				TargetAttributes = {
					36863FC81C60D40B00D9043A = {
						CreatedOnToolsVersion = 7.2;
					};
					36863FDC1C60D40B00D9043A = {
						CreatedOnToolsVersion = 7.2;
						TestTargetID = 36863FC81C60D40B00D9043A;
					};
					36863FE71C60D40B00D9043A = {
						CreatedOnToolsVersion = 7.2;
						TestTargetID = 36863FC81C60D40B00D9043A;
					};
				};
			};
			buildConfigurationList = 36863FC41C60D40B00D9043A /* Build configuration list for PBXProject "ExpandReduceImage" */;
			compatibilityVersion = "Xcode 3.2";
			developmentRegion = English;
			hasScannedForEncodings = 0;
			knownRegions = (
				en,
				Base,
			);
			mainGroup = 36863FC01C60D40B00D9043A;
			productRefGroup = 36863FCA1C60D40B00D9043A /* Products */;
			projectDirPath = "";
			projectRoot = "";
			targets = (
				36863FC81C60D40B00D9043A /* ExpandReduceImage */,
				36863FDC1C60D40B00D9043A /* ExpandReduceImageTests */,
				36863FE71C60D40B00D9043A /* ExpandReduceImageUITests */,
			);
		};
/* End PBXProject section */

/* Begin PBXResourcesBuildPhase section */
		36863FC71C60D40B00D9043A /* Resources */ = {
			isa = PBXResourcesBuildPhase;
			buildActionMask = 2147483647;
			files = (
				36863FD71C60D40B00D9043A /* LaunchScreen.storyboard in Resources */,
				36863FD41C60D40B00D9043A /* Assets.xcassets in Resources */,
				36863FD21C60D40B00D9043A /* Main.storyboard in Resources */,
			);
			runOnlyForDeploymentPostprocessing = 0;
		};
		36863FDB1C60D40B00D9043A /* Resources */ = {
			isa = PBXResourcesBuildPhase;
			buildActionMask = 2147483647;
			files = (
			);
			runOnlyForDeploymentPostprocessing = 0;
		};
		36863FE61C60D40B00D9043A /* Resources */ = {
			isa = PBXResourcesBuildPhase;
			buildActionMask = 2147483647;
			files = (
			);
			runOnlyForDeploymentPostprocessing = 0;
		};
/* End PBXResourcesBuildPhase section */

/* Begin PBXSourcesBuildPhase section */
		36863FC51C60D40B00D9043A /* Sources */ = {
			isa = PBXSourcesBuildPhase;
			buildActionMask = 2147483647;
			files = (
				36863FCF1C60D40B00D9043A /* ViewController.swift in Sources */,
				36863FCD1C60D40B00D9043A /* AppDelegate.swift in Sources */,
			);
			runOnlyForDeploymentPostprocessing = 0;
		};
		36863FD91C60D40B00D9043A /* Sources */ = {
			isa = PBXSourcesBuildPhase;
			buildActionMask = 2147483647;
			files = (
				36863FE21C60D40B00D9043A /* ExpandReduceImageTests.swift in Sources */,
			);
			runOnlyForDeploymentPostprocessing = 0;
		};
		36863FE41C60D40B00D9043A /* Sources */ = {
			isa = PBXSourcesBuildPhase;
			buildActionMask = 2147483647;
			files = (
				36863FED1C60D40C00D9043A /* ExpandReduceImageUITests.swift in Sources */,
			);
			runOnlyForDeploymentPostprocessing = 0;
		};
/* End PBXSourcesBuildPhase section */

/* Begin PBXTargetDependency section */
		36863FDF1C60D40B00D9043A /* PBXTargetDependency */ = {
			isa = PBXTargetDependency;
			target = 36863FC81C60D40B00D9043A /* ExpandReduceImage */;
			targetProxy = 36863FDE1C60D40B00D9043A /* PBXContainerItemProxy */;
		};
		36863FEA1C60D40B00D9043A /* PBXTargetDependency */ = {
			isa = PBXTargetDependency;
			target = 36863FC81C60D40B00D9043A /* ExpandReduceImage */;
			targetProxy = 36863FE91C60D40B00D9043A /* PBXContainerItemProxy */;
		};
/* End PBXTargetDependency section */

/* Begin PBXVariantGroup section */
		36863FD01C60D40B00D9043A /* Main.storyboard */ = {
			isa = PBXVariantGroup;
			children = (
				36863FD11C60D40B00D9043A /* Base */,
			);
			name = Main.storyboard;
			sourceTree = "<group>";
		};
		36863FD51C60D40B00D9043A /* LaunchScreen.storyboard */ = {
			isa = PBXVariantGroup;
			children = (
				36863FD61C60D40B00D9043A /* Base */,
			);
			name = LaunchScreen.storyboard;
			sourceTree = "<group>";
		};
/* End PBXVariantGroup section */

/* Begin XCBuildConfiguration section */
		36863FEF1C60D40C00D9043A /* Debug */ = {
			isa = XCBuildConfiguration;
			buildSettings = {
				ALWAYS_SEARCH_USER_PATHS = NO;
				CLANG_CXX_LANGUAGE_STANDARD = "gnu++0x";
				CLANG_CXX_LIBRARY = "libc++";
				CLANG_ENABLE_MODULES = YES;
				CLANG_ENABLE_OBJC_ARC = YES;
				CLANG_WARN_BOOL_CONVERSION = YES;
				CLANG_WARN_CONSTANT_CONVERSION = YES;
				CLANG_WARN_DIRECT_OBJC_ISA_USAGE = YES_ERROR;
				CLANG_WARN_EMPTY_BODY = YES;
				CLANG_WARN_ENUM_CONVERSION = YES;
				CLANG_WARN_INT_CONVERSION = YES;
				CLANG_WARN_OBJC_ROOT_CLASS = YES_ERROR;
				CLANG_WARN_UNREACHABLE_CODE = YES;
				CLANG_WARN__DUPLICATE_METHOD_MATCH = YES;
				"CODE_SIGN_IDENTITY[sdk=iphoneos*]" = "iPhone Developer";
				COPY_PHASE_STRIP = NO;
				DEBUG_INFORMATION_FORMAT = dwarf;
				ENABLE_STRICT_OBJC_MSGSEND = YES;
				ENABLE_TESTABILITY = YES;
				GCC_C_LANGUAGE_STANDARD = gnu99;
				GCC_DYNAMIC_NO_PIC = NO;
				GCC_NO_COMMON_BLOCKS = YES;
				GCC_OPTIMIZATION_LEVEL = 0;
				GCC_PREPROCESSOR_DEFINITIONS = (
					"DEBUG=1",
					"$(inherited)",
				);
				GCC_WARN_64_TO_32_BIT_CONVERSION = YES;
				GCC_WARN_ABOUT_RETURN_TYPE = YES_ERROR;
				GCC_WARN_UNDECLARED_SELECTOR = YES;
				GCC_WARN_UNINITIALIZED_AUTOS = YES_AGGRESSIVE;
				GCC_WARN_UNUSED_FUNCTION = YES;
				GCC_WARN_UNUSED_VARIABLE = YES;
				IPHONEOS_DEPLOYMENT_TARGET = 9.2;
				MTL_ENABLE_DEBUG_INFO = YES;
				ONLY_ACTIVE_ARCH = YES;
				SDKROOT = iphoneos;
				SWIFT_OPTIMIZATION_LEVEL = "-Onone";
			};
			name = Debug;
		};
		36863FF01C60D40C00D9043A /* Release */ = {
			isa = XCBuildConfiguration;
			buildSettings = {
				ALWAYS_SEARCH_USER_PATHS = NO;
				CLANG_CXX_LANGUAGE_STANDARD = "gnu++0x";
				CLANG_CXX_LIBRARY = "libc++";
				CLANG_ENABLE_MODULES = YES;
				CLANG_ENABLE_OBJC_ARC = YES;
				CLANG_WARN_BOOL_CONVERSION = YES;
				CLANG_WARN_CONSTANT_CONVERSION = YES;
				CLANG_WARN_DIRECT_OBJC_ISA_USAGE = YES_ERROR;
				CLANG_WARN_EMPTY_BODY = YES;
				CLANG_WARN_ENUM_CONVERSION = YES;
				CLANG_WARN_INT_CONVERSION = YES;
				CLANG_WARN_OBJC_ROOT_CLASS = YES_ERROR;
				CLANG_WARN_UNREACHABLE_CODE = YES;
				CLANG_WARN__DUPLICATE_METHOD_MATCH = YES;
				"CODE_SIGN_IDENTITY[sdk=iphoneos*]" = "iPhone Developer";
				COPY_PHASE_STRIP = NO;
				DEBUG_INFORMATION_FORMAT = "dwarf-with-dsym";
				ENABLE_NS_ASSERTIONS = NO;
				ENABLE_STRICT_OBJC_MSGSEND = YES;
				GCC_C_LANGUAGE_STANDARD = gnu99;
				GCC_NO_COMMON_BLOCKS = YES;
				GCC_WARN_64_TO_32_BIT_CONVERSION = YES;
				GCC_WARN_ABOUT_RETURN_TYPE = YES_ERROR;
				GCC_WARN_UNDECLARED_SELECTOR = YES;
				GCC_WARN_UNINITIALIZED_AUTOS = YES_AGGRESSIVE;
				GCC_WARN_UNUSED_FUNCTION = YES;
				GCC_WARN_UNUSED_VARIABLE = YES;
				IPHONEOS_DEPLOYMENT_TARGET = 9.2;
				MTL_ENABLE_DEBUG_INFO = NO;
				SDKROOT = iphoneos;
				VALIDATE_PRODUCT = YES;
			};
			name = Release;
		};
		36863FF21C60D40C00D9043A /* Debug */ = {
			isa = XCBuildConfiguration;
			buildSettings = {
				ASSETCATALOG_COMPILER_APPICON_NAME = AppIcon;
				INFOPLIST_FILE = ExpandReduceImage/Info.plist;
				LD_RUNPATH_SEARCH_PATHS = "$(inherited) @executable_path/Frameworks";
				PRODUCT_BUNDLE_IDENTIFIER = com.anthrgrnwrld.ExpandReduceImage;
				PRODUCT_NAME = "$(TARGET_NAME)";
			};
			name = Debug;
		};
		36863FF31C60D40C00D9043A /* Release */ = {
			isa = XCBuildConfiguration;
			buildSettings = {
				ASSETCATALOG_COMPILER_APPICON_NAME = AppIcon;
				INFOPLIST_FILE = ExpandReduceImage/Info.plist;
				LD_RUNPATH_SEARCH_PATHS = "$(inherited) @executable_path/Frameworks";
				PRODUCT_BUNDLE_IDENTIFIER = com.anthrgrnwrld.ExpandReduceImage;
				PRODUCT_NAME = "$(TARGET_NAME)";
			};
			name = Release;
		};
		36863FF51C60D40C00D9043A /* Debug */ = {
			isa = XCBuildConfiguration;
			buildSettings = {
				BUNDLE_LOADER = "$(TEST_HOST)";
				INFOPLIST_FILE = ExpandReduceImageTests/Info.plist;
				LD_RUNPATH_SEARCH_PATHS = "$(inherited) @executable_path/Frameworks @loader_path/Frameworks";
				PRODUCT_BUNDLE_IDENTIFIER = com.anthrgrnwrld.ExpandReduceImageTests;
				PRODUCT_NAME = "$(TARGET_NAME)";
				TEST_HOST = "$(BUILT_PRODUCTS_DIR)/ExpandReduceImage.app/ExpandReduceImage";
			};
			name = Debug;
		};
		36863FF61C60D40C00D9043A /* Release */ = {
			isa = XCBuildConfiguration;
			buildSettings = {
				BUNDLE_LOADER = "$(TEST_HOST)";
				INFOPLIST_FILE = ExpandReduceImageTests/Info.plist;
				LD_RUNPATH_SEARCH_PATHS = "$(inherited) @executable_path/Frameworks @loader_path/Frameworks";
				PRODUCT_BUNDLE_IDENTIFIER = com.anthrgrnwrld.ExpandReduceImageTests;
				PRODUCT_NAME = "$(TARGET_NAME)";
				TEST_HOST = "$(BUILT_PRODUCTS_DIR)/ExpandReduceImage.app/ExpandReduceImage";
			};
			name = Release;
		};
		36863FF81C60D40C00D9043A /* Debug */ = {
			isa = XCBuildConfiguration;
			buildSettings = {
				INFOPLIST_FILE = ExpandReduceImageUITests/Info.plist;
				LD_RUNPATH_SEARCH_PATHS = "$(inherited) @executable_path/Frameworks @loader_path/Frameworks";
				PRODUCT_BUNDLE_IDENTIFIER = com.anthrgrnwrld.ExpandReduceImageUITests;
				PRODUCT_NAME = "$(TARGET_NAME)";
				TEST_TARGET_NAME = ExpandReduceImage;
				USES_XCTRUNNER = YES;
			};
			name = Debug;
		};
		36863FF91C60D40C00D9043A /* Release */ = {
			isa = XCBuildConfiguration;
			buildSettings = {
				INFOPLIST_FILE = ExpandReduceImageUITests/Info.plist;
				LD_RUNPATH_SEARCH_PATHS = "$(inherited) @executable_path/Frameworks @loader_path/Frameworks";
				PRODUCT_BUNDLE_IDENTIFIER = com.anthrgrnwrld.ExpandReduceImageUITests;
				PRODUCT_NAME = "$(TARGET_NAME)";
				TEST_TARGET_NAME = ExpandReduceImage;
				USES_XCTRUNNER = YES;
			};
			name = Release;
		};
/* End XCBuildConfiguration section */

/* Begin XCConfigurationList section */
		36863FC41C60D40B00D9043A /* Build configuration list for PBXProject "ExpandReduceImage" */ = {
			isa = XCConfigurationList;
			buildConfigurations = (
				36863FEF1C60D40C00D9043A /* Debug */,
				36863FF01C60D40C00D9043A /* Release */,
			);
			defaultConfigurationIsVisible = 0;
			defaultConfigurationName = Release;
		};
		36863FF11C60D40C00D9043A /* Build configuration list for PBXNativeTarget "ExpandReduceImage" */ = {
			isa = XCConfigurationList;
			buildConfigurations = (
				36863FF21C60D40C00D9043A /* Debug */,
				36863FF31C60D40C00D9043A /* Release */,
			);
			defaultConfigurationIsVisible = 0;
		};
		36863FF41C60D40C00D9043A /* Build configuration list for PBXNativeTarget "ExpandReduceImageTests" */ = {
			isa = XCConfigurationList;
			buildConfigurations = (
				36863FF51C60D40C00D9043A /* Debug */,
				36863FF61C60D40C00D9043A /* Release */,
			);
			defaultConfigurationIsVisible = 0;
		};
		36863FF71C60D40C00D9043A /* Build configuration list for PBXNativeTarget "ExpandReduceImageUITests" */ = {
			isa = XCConfigurationList;
			buildConfigurations = (
				36863FF81C60D40C00D9043A /* Debug */,
				36863FF91C60D40C00D9043A /* Release */,
			);
			defaultConfigurationIsVisible = 0;
		};
/* End XCConfigurationList section */
	};
	rootObject = 36863FC11C60D40B00D9043A /* Project object */;
}
